{
  "name": "@rbxts/roblox-RoactStudioComponents",
  "version": "1.0.0",
  "lockfileVersion": 1,
  "requires": true,
  "dependencies": {
    "@rbxts/roact": {
      "version": "1.1.5",
      "resolved": "https://registry.npmjs.org/@rbxts/roact/-/roact-1.1.5.tgz",
      "integrity": "sha512-G43+u4F4J2X/DrNLGn9xM3pDH8/v7MP6mXIpP8hlKVCjOQbtG6XVFf3K+RbTikmRTE7eCUKkNQYOyxooXetDgQ=="
    },
    "@rbxts/roblox-SignalsTooling": {
      "version": "git+https://github.com/Bytebit-Org/roblox-SignalsTooling.git#83ee803b5de25bd72d7aa5a43af123ba1dbe1d39",
      "from": "git+https://github.com/Bytebit-Org/roblox-SignalsTooling.git",
      "requires": {
        "@rbxts/services": "^1.0.28"
      }
    },
    "@rbxts/services": {
      "version": "1.0.28",
      "resolved": "https://registry.npmjs.org/@rbxts/services/-/services-1.0.28.tgz",
      "integrity": "sha512-8dcUNzkai0C6XtRTBiij8Rv0KQfveKXPeBeSaqRiCY8vOWvHUPHa43nA5NkJh1T1ljej8wgrVs5QPcYD4cSKAg=="
    },
    "@rbxts/types": {
      "version": "1.0.282",
      "resolved": "https://registry.npmjs.org/@rbxts/types/-/types-1.0.282.tgz",
      "integrity": "sha512-S/T8VYM4jipI+ALYZUbq7fK5PJuIhSCevFUDMNs9YDzPq+EAjJaJjrpD0C9QTm5rBYzEybQesOuGshzKkxh+1g==",
      "dev": true
    }
  }
}
