{
  "name": "@rbxts/roact-studio-components",
  "version": "1.0.0",
  "lockfileVersion": 1,
  "requires": true,
  "dependencies": {
    "@rbxts/roact": {
      "version": "1.1.5",
      "resolved": "https://registry.npmjs.org/@rbxts/roact/-/roact-1.1.5.tgz",
      "integrity": "sha512-G43+u4F4J2X/DrNLGn9xM3pDH8/v7MP6mXIpP8hlKVCjOQbtG6XVFf3K+RbTikmRTE7eCUKkNQYOyxooXetDgQ=="
    },
    "@rbxts/services": {
      "version": "1.0.28",
      "resolved": "https://registry.npmjs.org/@rbxts/services/-/services-1.0.28.tgz",
      "integrity": "sha512-8dcUNzkai0C6XtRTBiij8Rv0KQfveKXPeBeSaqRiCY8vOWvHUPHa43nA5NkJh1T1ljej8wgrVs5QPcYD4cSKAg=="
    },
    "@rbxts/signals-tooling": {
      "version": "1.0.2",
      "resolved": "https://registry.npmjs.org/@rbxts/signals-tooling/-/signals-tooling-1.0.2.tgz",
      "integrity": "sha512-3/sldStQqF6QuKQafWamjxvV+wAgQUQ6DlvK5r1nPS4NCQuL0MdBrJEdy4enuhtbYy2M0H9MfRutn+2nYcdrvg==",
      "requires": {
        "@rbxts/services": "^1.0.28"
      }
    },
    "@rbxts/types": {
      "version": "1.0.282",
      "resolved": "https://registry.npmjs.org/@rbxts/types/-/types-1.0.282.tgz",
      "integrity": "sha512-S/T8VYM4jipI+ALYZUbq7fK5PJuIhSCevFUDMNs9YDzPq+EAjJaJjrpD0C9QTm5rBYzEybQesOuGshzKkxh+1g==",
      "dev": true
    }
  }
}
